
Microsoft Visual Studio Solution File, Format Version 12.00
# Visual Studio Version 17
VisualStudioVersion = 17.11.35312.102
MinimumVisualStudioVersion = 10.0.40219.1
Project("{FAE04EC0-301F-11D3-BF4B-00C04F79EFBC}") = "TaskManegerr", "TaskManegerr\TaskManegerr.csproj", "{6058A4C3-F191-41E6-8A3A-42807A584BE5}"
EndProject
Global
	GlobalSection(SolutionConfigurationPlatforms) = preSolution
		Debug|Any CPU = Debug|Any CPU
		Release|Any CPU = Release|Any CPU
	EndGlobalSection
	GlobalSection(ProjectConfigurationPlatforms) = postSolution
		{6058A4C3-F191-41E6-8A3A-42807A584BE5}.Debug|Any CPU.ActiveCfg = Debug|Any CPU
		{6058A4C3-F191-41E6-8A3A-42807A584BE5}.Debug|Any CPU.Build.0 = Debug|Any CPU
		{6058A4C3-F191-41E6-8A3A-42807A584BE5}.Release|Any CPU.ActiveCfg = Release|Any CPU
		{6058A4C3-F191-41E6-8A3A-42807A584BE5}.Release|Any CPU.Build.0 = Release|Any CPU
	EndGlobalSection
	GlobalSection(SolutionProperties) = preSolution
		HideSolutionNode = FALSE
	EndGlobalSection
	GlobalSection(ExtensibilityGlobals) = postSolution
		SolutionGuid = {F7AB3EDF-F27C-4D67-838E-6D5356B24D94}
	EndGlobalSection
EndGlobal
